%{
  "bear": {:hex, :bear, "0.8.7", "16264309ae5d005d03718a5c82641fcc259c9e8f09adeb6fd79ca4271168656f", [:rebar3], [], "hexpm"},
  "certifi": {:hex, :certifi, "2.3.1", "d0f424232390bf47d82da8478022301c561cf6445b5b5fb6a84d49a9e76d2639", [:rebar3], [{:parse_trans, "3.2.0", [hex: :parse_trans, repo: "hexpm", optional: false]}], "hexpm"},
  "exometer_core": {:hex, :exometer_core, "1.5.2", "62a99a361ba8a14d53857d4c716a191e810299d2f43c5c981eb7b086c0bfcce1", [:rebar3], [{:folsom, "~>0.8.5", [hex: :folsom, repo: "hexpm", optional: false]}, {:hut, "~>1.2.0", [hex: :hut, repo: "hexpm", optional: false]}, {:lager, "~>3.5.0", [hex: :lager, repo: "hexpm", optional: false]}, {:parse_trans, "~>3.0.0", [hex: :parse_trans, repo: "hexpm", optional: false]}, {:setup, "~>1.8.2", [hex: :setup, repo: "hexpm", optional: false]}], "hexpm"},
  "exometer_fetch": {:hex, :exometer_fetch, "0.1.0", "62496eb383619eaeb30fb897bc429eb30b78e250e81a733059e14dc449c3bf27", [:rebar3], [{:exometer_core, "1.5.2", [hex: :exometer_core, repo: "hexpm", optional: false]}], "hexpm"},
  "exometer_influxdb": {:hex, :exometer_influxdb, "0.6.0", "1c42eda68f94031e504cd372070345859bf9c2415e0f33c384a3c88899e3366f", [:rebar3], [{:exometer_core, "1.5.2", [hex: :exometer_core, repo: "hexpm", optional: false]}, {:hackney, "1.13.0", [hex: :hackney, repo: "hexpm", optional: false]}], "hexpm"},
  "folsom": {:hex, :folsom, "0.8.7", "a885f0aeee4c84270954c88a55a5a473d6b2c7493e32ffdc5765412dd555a951", [:rebar3], [{:bear, "0.8.7", [hex: :bear, repo: "hexpm", optional: false]}], "hexpm"},
  "goldrush": {:hex, :goldrush, "0.1.9", "f06e5d5f1277da5c413e84d5a2924174182fb108dabb39d5ec548b27424cd106", [:rebar3], [], "hexpm"},
  "hackney": {:hex, :hackney, "1.13.0", "24edc8cd2b28e1c652593833862435c80661834f6c9344e84b6a2255e7aeef03", [:rebar3], [{:certifi, "2.3.1", [hex: :certifi, repo: "hexpm", optional: false]}, {:idna, "5.1.2", [hex: :idna, repo: "hexpm", optional: false]}, {:metrics, "1.0.1", [hex: :metrics, repo: "hexpm", optional: false]}, {:mimerl, "1.0.2", [hex: :mimerl, repo: "hexpm", optional: false]}, {:ssl_verify_fun, "1.1.1", [hex: :ssl_verify_fun, repo: "hexpm", optional: false]}], "hexpm"},
  "hut": {:hex, :hut, "1.2.0", "0089df0faa2827c605bbada88153f24fff5ea7a4be32ecf0250a7fdc2719cafb", [:"erlang.mk", :rebar, :rebar3], [], "hexpm"},
  "idna": {:hex, :idna, "5.1.2", "e21cb58a09f0228a9e0b95eaa1217f1bcfc31a1aaa6e1fdf2f53a33f7dbd9494", [:rebar3], [{:unicode_util_compat, "0.3.1", [hex: :unicode_util_compat, repo: "hexpm", optional: false]}], "hexpm"},
  "lager": {:hex, :lager, "3.5.2", "614a8c8f67bf99b69eb264ea22121ad25511c055aaec09b086773d5108c6767f", [:rebar3], [{:goldrush, "0.1.9", [hex: :goldrush, repo: "hexpm", optional: false]}], "hexpm"},
  "metrics": {:hex, :metrics, "1.0.1", "25f094dea2cda98213cecc3aeff09e940299d950904393b2a29d191c346a8486", [:rebar3], [], "hexpm"},
  "mimerl": {:hex, :mimerl, "1.0.2", "993f9b0e084083405ed8252b99460c4f0563e41729ab42d9074fd5e52439be88", [:rebar3], [], "hexpm"},
  "parse_trans": {:hex, :parse_trans, "3.2.0", "2adfa4daf80c14dc36f522cf190eb5c4ee3e28008fc6394397c16f62a26258c2", [:rebar3], [], "hexpm"},
  "recon": {:hex, :recon, "2.2.1", "4bb21badd51a32ad50edcce54e5312acf079a3bc770f266c1997071c7fcadf17", [:rebar], [], "hexpm"},
  "setup": {:hex, :setup, "1.8.4", "738db0685dc1741f45c6a9bf78478e0d5877f3d0876c0b50fd02f0210edb5aa4", [:rebar3], [], "hexpm"},
  "ssl_verify_fun": {:hex, :ssl_verify_fun, "1.1.1", "28a4d65b7f59893bc2c7de786dec1e1555bd742d336043fe644ae956c3497fbe", [:make, :rebar], [], "hexpm"},
  "unicode_util_compat": {:hex, :unicode_util_compat, "0.3.1", "a1f612a7b512638634a603c8f401892afbf99b8ce93a45041f8aaca99cadb85e", [:rebar3], [], "hexpm"},
}
